
Microsoft Visual Studio Solution File, Format Version 12.00
# Visual Studio Version 16
VisualStudioVersion = 16.0.32510.428
MinimumVisualStudioVersion = 10.0.40219.1
Project("{FAE04EC0-301F-11D3-BF4B-00C04F79EFBC}") = "T1", "T1\T1.csproj", "{3733BFFB-95D7-4D85-A701-9911D6C51AFB}"
EndProject
Global
	GlobalSection(SolutionConfigurationPlatforms) = preSolution
		Debug|Any CPU = Debug|Any CPU
		Release|Any CPU = Release|Any CPU
	EndGlobalSection
	GlobalSection(ProjectConfigurationPlatforms) = postSolution
		{3733BFFB-95D7-4D85-A701-9911D6C51AFB}.Debug|Any CPU.ActiveCfg = Debug|Any CPU
		{3733BFFB-95D7-4D85-A701-9911D6C51AFB}.Debug|Any CPU.Build.0 = Debug|Any CPU
		{3733BFFB-95D7-4D85-A701-9911D6C51AFB}.Release|Any CPU.ActiveCfg = Release|Any CPU
		{3733BFFB-95D7-4D85-A701-9911D6C51AFB}.Release|Any CPU.Build.0 = Release|Any CPU
	EndGlobalSection
	GlobalSection(SolutionProperties) = preSolution
		HideSolutionNode = FALSE
	EndGlobalSection
	GlobalSection(ExtensibilityGlobals) = postSolution
		SolutionGuid = {4798D76C-B3C8-4CA4-81DA-9E8C6984CE70}
	EndGlobalSection
EndGlobal
